// !$*UTF8*$!
{
	archiveVersion = 1;
	classes = {
	};
	objectVersion = 46;
	objects = {

/* Begin PBXBuildFile section */
		96745CD81F4416F70067038F /* AppDelegate.swift in Sources */ = {isa = PBXBuildFile; fileRef = 96745CD71F4416F70067038F /* AppDelegate.swift */; };
		96745CDA1F4416F70067038F /* ViewController.swift in Sources */ = {isa = PBXBuildFile; fileRef = 96745CD91F4416F70067038F /* ViewController.swift */; };
		96745CDD1F4416F70067038F /* Main.storyboard in Resources */ = {isa = PBXBuildFile; fileRef = 96745CDB1F4416F70067038F /* Main.storyboard */; };
		96745CDF1F4416F70067038F /* Assets.xcassets in Resources */ = {isa = PBXBuildFile; fileRef = 96745CDE1F4416F70067038F /* Assets.xcassets */; };
		96745CE21F4416F70067038F /* LaunchScreen.storyboard in Resources */ = {isa = PBXBuildFile; fileRef = 96745CE01F4416F70067038F /* LaunchScreen.storyboard */; };
		96CB06671F4A74A200D860B0 /* ArcGIS.bundle in Resources */ = {isa = PBXBuildFile; fileRef = 96CB06661F4A74A200D860B0 /* ArcGIS.bundle */; };
/* End PBXBuildFile section */

/* Begin PBXFileReference section */
		96745CD41F4416F70067038F /* hinanjyoMap.app */ = {isa = PBXFileReference; explicitFileType = wrapper.application; includeInIndex = 0; path = hinanjyoMap.app; sourceTree = BUILT_PRODUCTS_DIR; };
		96745CD71F4416F70067038F /* AppDelegate.swift */ = {isa = PBXFileReference; lastKnownFileType = sourcecode.swift; path = AppDelegate.swift; sourceTree = "<group>"; };
		96745CD91F4416F70067038F /* ViewController.swift */ = {isa = PBXFileReference; lastKnownFileType = sourcecode.swift; path = ViewController.swift; sourceTree = "<group>"; };
		96745CDC1F4416F70067038F /* Base */ = {isa = PBXFileReference; lastKnownFileType = file.storyboard; name = Base; path = Base.lproj/Main.storyboard; sourceTree = "<group>"; };
		96745CDE1F4416F70067038F /* Assets.xcassets */ = {isa = PBXFileReference; lastKnownFileType = folder.assetcatalog; path = Assets.xcassets; sourceTree = "<group>"; };
		96745CE11F4416F70067038F /* Base */ = {isa = PBXFileReference; lastKnownFileType = file.storyboard; name = Base; path = Base.lproj/LaunchScreen.storyboard; sourceTree = "<group>"; };
		96745CE31F4416F70067038F /* Info.plist */ = {isa = PBXFileReference; lastKnownFileType = text.plist.xml; path = Info.plist; sourceTree = "<group>"; };
		96CB06641F4A73C500D860B0 /* ja */ = {isa = PBXFileReference; lastKnownFileType = text.plist.strings; name = ja; path = ja.lproj/Main.strings; sourceTree = "<group>"; };
		96CB06651F4A73C500D860B0 /* ja */ = {isa = PBXFileReference; lastKnownFileType = text.plist.strings; name = ja; path = ja.lproj/LaunchScreen.strings; sourceTree = "<group>"; };
		96CB06661F4A74A200D860B0 /* ArcGIS.bundle */ = {isa = PBXFileReference; lastKnownFileType = "wrapper.plug-in"; name = ArcGIS.bundle; path = ../../../../../Library/SDKs/ArcGIS/iOS/Frameworks/Static/ArcGIS.framework/Versions/Current/Resources/ArcGIS.bundle; sourceTree = "<group>"; };
/* End PBXFileReference section */

/* Begin PBXFrameworksBuildPhase section */
		96745CD11F4416F70067038F /* Frameworks */ = {
			isa = PBXFrameworksBuildPhase;
			buildActionMask = 2147483647;
			files = (
			);
			runOnlyForDeploymentPostprocessing = 0;
		};
/* End PBXFrameworksBuildPhase section */

/* Begin PBXGroup section */
		96745CCB1F4416F70067038F = {
			isa = PBXGroup;
			children = (
				96CB06661F4A74A200D860B0 /* ArcGIS.bundle */,
				96745CD61F4416F70067038F /* hinanjyoMap */,
				96745CD51F4416F70067038F /* Products */,
			);
			sourceTree = "<group>";
		};
		96745CD51F4416F70067038F /* Products */ = {
			isa = PBXGroup;
			children = (
				96745CD41F4416F70067038F /* hinanjyoMap.app */,
			);
			name = Products;
			sourceTree = "<group>";
		};
		96745CD61F4416F70067038F /* hinanjyoMap */ = {
			isa = PBXGroup;
			children = (
				96745CD71F4416F70067038F /* AppDelegate.swift */,
				96745CD91F4416F70067038F /* ViewController.swift */,
				96745CDB1F4416F70067038F /* Main.storyboard */,
				96745CDE1F4416F70067038F /* Assets.xcassets */,
				96745CE01F4416F70067038F /* LaunchScreen.storyboard */,
				96745CE31F4416F70067038F /* Info.plist */,
			);
			path = hinanjyoMap;
			sourceTree = "<group>";
		};
/* End PBXGroup section */

/* Begin PBXNativeTarget section */
		96745CD31F4416F70067038F /* hinanjyoMap */ = {
			isa = PBXNativeTarget;
			buildConfigurationList = 96745CE61F4416F70067038F /* Build configuration list for PBXNativeTarget "hinanjyoMap" */;
			buildPhases = (
				96745CD01F4416F70067038F /* Sources */,
				96745CD11F4416F70067038F /* Frameworks */,
				96745CD21F4416F70067038F /* Resources */,
			);
			buildRules = (
			);
			dependencies = (
			);
			name = hinanjyoMap;
			productName = hinanjyoMap;
			productReference = 96745CD41F4416F70067038F /* hinanjyoMap.app */;
			productType = "com.apple.product-type.application";
		};
/* End PBXNativeTarget section */

/* Begin PBXProject section */
		96745CCC1F4416F70067038F /* Project object */ = {
			isa = PBXProject;
			attributes = {
				LastSwiftUpdateCheck = 0830;
				LastUpgradeCheck = 0830;
				ORGANIZATIONNAME = com.esrij;
				TargetAttributes = {
					96745CD31F4416F70067038F = {
						CreatedOnToolsVersion = 8.3.3;
						ProvisioningStyle = Automatic;
					};
				};
			};
			buildConfigurationList = 96745CCF1F4416F70067038F /* Build configuration list for PBXProject "hinanjyoMap" */;
			compatibilityVersion = "Xcode 3.2";
			developmentRegion = English;
			hasScannedForEncodings = 0;
			knownRegions = (
				en,
				Base,
			);
			mainGroup = 96745CCB1F4416F70067038F;
			productRefGroup = 96745CD51F4416F70067038F /* Products */;
			projectDirPath = "";
			projectRoot = "";
			targets = (
				96745CD31F4416F70067038F /* hinanjyoMap */,
			);
		};
/* End PBXProject section */

/* Begin PBXResourcesBuildPhase section */
		96745CD21F4416F70067038F /* Resources */ = {
			isa = PBXResourcesBuildPhase;
			buildActionMask = 2147483647;
			files = (
				96745CE21F4416F70067038F /* LaunchScreen.storyboard in Resources */,
				96745CDF1F4416F70067038F /* Assets.xcassets in Resources */,
				96CB06671F4A74A200D860B0 /* ArcGIS.bundle in Resources */,
				96745CDD1F4416F70067038F /* Main.storyboard in Resources */,
			);
			runOnlyForDeploymentPostprocessing = 0;
		};
/* End PBXResourcesBuildPhase section */

/* Begin PBXSourcesBuildPhase section */
		96745CD01F4416F70067038F /* Sources */ = {
			isa = PBXSourcesBuildPhase;
			buildActionMask = 2147483647;
			files = (
				96745CDA1F4416F70067038F /* ViewController.swift in Sources */,
				96745CD81F4416F70067038F /* AppDelegate.swift in Sources */,
			);
			runOnlyForDeploymentPostprocessing = 0;
		};
/* End PBXSourcesBuildPhase section */

/* Begin PBXVariantGroup section */
		96745CDB1F4416F70067038F /* Main.storyboard */ = {
			isa = PBXVariantGroup;
			children = (
				96745CDC1F4416F70067038F /* Base */,
				96CB06641F4A73C500D860B0 /* ja */,
			);
			name = Main.storyboard;
			sourceTree = "<group>";
		};
		96745CE01F4416F70067038F /* LaunchScreen.storyboard */ = {
			isa = PBXVariantGroup;
			children = (
				96745CE11F4416F70067038F /* Base */,
				96CB06651F4A73C500D860B0 /* ja */,
			);
			name = LaunchScreen.storyboard;
			sourceTree = "<group>";
		};
/* End PBXVariantGroup section */

/* Begin XCBuildConfiguration section */
		96745CE41F4416F70067038F /* Debug */ = {
			isa = XCBuildConfiguration;
			buildSettings = {
				ALWAYS_SEARCH_USER_PATHS = NO;
				CLANG_ANALYZER_LOCALIZABILITY_NONLOCALIZED = YES;
				CLANG_ANALYZER_NONNULL = YES;
				CLANG_ANALYZER_NUMBER_OBJECT_CONVERSION = YES_AGGRESSIVE;
				CLANG_CXX_LANGUAGE_STANDARD = "gnu++0x";
				CLANG_CXX_LIBRARY = "libc++";
				CLANG_ENABLE_MODULES = YES;
				CLANG_ENABLE_OBJC_ARC = YES;
				CLANG_WARN_BOOL_CONVERSION = YES;
				CLANG_WARN_CONSTANT_CONVERSION = YES;
				CLANG_WARN_DIRECT_OBJC_ISA_USAGE = YES_ERROR;
				CLANG_WARN_DOCUMENTATION_COMMENTS = YES;
				CLANG_WARN_EMPTY_BODY = YES;
				CLANG_WARN_ENUM_CONVERSION = YES;
				CLANG_WARN_INFINITE_RECURSION = YES;
				CLANG_WARN_INT_CONVERSION = YES;
				CLANG_WARN_OBJC_ROOT_CLASS = YES_ERROR;
				CLANG_WARN_SUSPICIOUS_MOVE = YES;
				CLANG_WARN_UNREACHABLE_CODE = YES;
				CLANG_WARN__DUPLICATE_METHOD_MATCH = YES;
				"CODE_SIGN_IDENTITY[sdk=iphoneos*]" = "iPhone Developer";
				COPY_PHASE_STRIP = NO;
				DEBUG_INFORMATION_FORMAT = dwarf;
				ENABLE_STRICT_OBJC_MSGSEND = YES;
				ENABLE_TESTABILITY = YES;
				GCC_C_LANGUAGE_STANDARD = gnu99;
				GCC_DYNAMIC_NO_PIC = NO;
				GCC_NO_COMMON_BLOCKS = YES;
				GCC_OPTIMIZATION_LEVEL = 0;
				GCC_PREPROCESSOR_DEFINITIONS = (
					"DEBUG=1",
					"$(inherited)",
				);
				GCC_WARN_64_TO_32_BIT_CONVERSION = YES;
				GCC_WARN_ABOUT_RETURN_TYPE = YES_ERROR;
				GCC_WARN_UNDECLARED_SELECTOR = YES;
				GCC_WARN_UNINITIALIZED_AUTOS = YES_AGGRESSIVE;
				GCC_WARN_UNUSED_FUNCTION = YES;
				GCC_WARN_UNUSED_VARIABLE = YES;
				IPHONEOS_DEPLOYMENT_TARGET = 10.3;
				MTL_ENABLE_DEBUG_INFO = YES;
				ONLY_ACTIVE_ARCH = YES;
				SDKROOT = iphoneos;
				SWIFT_ACTIVE_COMPILATION_CONDITIONS = DEBUG;
				SWIFT_OPTIMIZATION_LEVEL = "-Onone";
				TARGETED_DEVICE_FAMILY = "1,2";
			};
			name = Debug;
		};
		96745CE51F4416F70067038F /* Release */ = {
			isa = XCBuildConfiguration;
			buildSettings = {
				ALWAYS_SEARCH_USER_PATHS = NO;
				CLANG_ANALYZER_LOCALIZABILITY_NONLOCALIZED = YES;
				CLANG_ANALYZER_NONNULL = YES;
				CLANG_ANALYZER_NUMBER_OBJECT_CONVERSION = YES_AGGRESSIVE;
				CLANG_CXX_LANGUAGE_STANDARD = "gnu++0x";
				CLANG_CXX_LIBRARY = "libc++";
				CLANG_ENABLE_MODULES = YES;
				CLANG_ENABLE_OBJC_ARC = YES;
				CLANG_WARN_BOOL_CONVERSION = YES;
				CLANG_WARN_CONSTANT_CONVERSION = YES;
				CLANG_WARN_DIRECT_OBJC_ISA_USAGE = YES_ERROR;
				CLANG_WARN_DOCUMENTATION_COMMENTS = YES;
				CLANG_WARN_EMPTY_BODY = YES;
				CLANG_WARN_ENUM_CONVERSION = YES;
				CLANG_WARN_INFINITE_RECURSION = YES;
				CLANG_WARN_INT_CONVERSION = YES;
				CLANG_WARN_OBJC_ROOT_CLASS = YES_ERROR;
				CLANG_WARN_SUSPICIOUS_MOVE = YES;
				CLANG_WARN_UNREACHABLE_CODE = YES;
				CLANG_WARN__DUPLICATE_METHOD_MATCH = YES;
				"CODE_SIGN_IDENTITY[sdk=iphoneos*]" = "iPhone Developer";
				COPY_PHASE_STRIP = NO;
				DEBUG_INFORMATION_FORMAT = "dwarf-with-dsym";
				ENABLE_NS_ASSERTIONS = NO;
				ENABLE_STRICT_OBJC_MSGSEND = YES;
				GCC_C_LANGUAGE_STANDARD = gnu99;
				GCC_NO_COMMON_BLOCKS = YES;
				GCC_WARN_64_TO_32_BIT_CONVERSION = YES;
				GCC_WARN_ABOUT_RETURN_TYPE = YES_ERROR;
				GCC_WARN_UNDECLARED_SELECTOR = YES;
				GCC_WARN_UNINITIALIZED_AUTOS = YES_AGGRESSIVE;
				GCC_WARN_UNUSED_FUNCTION = YES;
				GCC_WARN_UNUSED_VARIABLE = YES;
				IPHONEOS_DEPLOYMENT_TARGET = 10.3;
				MTL_ENABLE_DEBUG_INFO = NO;
				SDKROOT = iphoneos;
				SWIFT_OPTIMIZATION_LEVEL = "-Owholemodule";
				TARGETED_DEVICE_FAMILY = "1,2";
				VALIDATE_PRODUCT = YES;
			};
			name = Release;
		};
		96745CE71F4416F70067038F /* Debug */ = {
			isa = XCBuildConfiguration;
			buildSettings = {
				ASSETCATALOG_COMPILER_APPICON_NAME = AppIcon;
				DEVELOPMENT_TEAM = "";
				INFOPLIST_FILE = hinanjyoMap/Info.plist;
				LD_RUNPATH_SEARCH_PATHS = "$(inherited) @executable_path/Frameworks";
				OTHER_LDFLAGS = (
					"-ObjC",
					"-framework",
					ArcGIS,
					"-l",
					"c++",
				);
				PRODUCT_BUNDLE_IDENTIFIER = com.esrij.hinanjyoMap;
				PRODUCT_NAME = "$(TARGET_NAME)";
				SWIFT_VERSION = 3.0;
				SYSTEM_FRAMEWORK_SEARCH_PATHS = "$(HOME)/Library/SDKs/ArcGIS/iOS/Frameworks/Static";
			};
			name = Debug;
		};
		96745CE81F4416F70067038F /* Release */ = {
			isa = XCBuildConfiguration;
			buildSettings = {
				ASSETCATALOG_COMPILER_APPICON_NAME = AppIcon;
				DEVELOPMENT_TEAM = "";
				INFOPLIST_FILE = hinanjyoMap/Info.plist;
				LD_RUNPATH_SEARCH_PATHS = "$(inherited) @executable_path/Frameworks";
				OTHER_LDFLAGS = (
					"-ObjC",
					"-framework",
					ArcGIS,
					"-l",
					"c++",
				);
				PRODUCT_BUNDLE_IDENTIFIER = com.esrij.hinanjyoMap;
				PRODUCT_NAME = "$(TARGET_NAME)";
				SWIFT_VERSION = 3.0;
				SYSTEM_FRAMEWORK_SEARCH_PATHS = "$(HOME)/Library/SDKs/ArcGIS/iOS/Frameworks/Static";
			};
			name = Release;
		};
/* End XCBuildConfiguration section */

/* Begin XCConfigurationList section */
		96745CCF1F4416F70067038F /* Build configuration list for PBXProject "hinanjyoMap" */ = {
			isa = XCConfigurationList;
			buildConfigurations = (
				96745CE41F4416F70067038F /* Debug */,
				96745CE51F4416F70067038F /* Release */,
			);
			defaultConfigurationIsVisible = 0;
			defaultConfigurationName = Release;
		};
		96745CE61F4416F70067038F /* Build configuration list for PBXNativeTarget "hinanjyoMap" */ = {
			isa = XCConfigurationList;
			buildConfigurations = (
				96745CE71F4416F70067038F /* Debug */,
				96745CE81F4416F70067038F /* Release */,
			);
			defaultConfigurationIsVisible = 0;
			defaultConfigurationName = Release;
		};
/* End XCConfigurationList section */
	};
	rootObject = 96745CCC1F4416F70067038F /* Project object */;
}
